
Microsoft Visual Studio Solution File, Format Version 12.00
# Visual Studio 2013
VisualStudioVersion = 12.0.31101.0
MinimumVisualStudioVersion = 10.0.40219.1
Project("{FAE04EC0-301F-11D3-BF4B-00C04F79EFBC}") = "Singleton", "Singleton\Singleton.csproj", "{2B56640B-282E-4284-90F7-4F0B612B7763}"
EndProject
Project("{FAE04EC0-301F-11D3-BF4B-00C04F79EFBC}") = "Bridge", "Bridge\Bridge.csproj", "{BDCABA61-5CAE-45B8-A914-DFEA11BF251E}"
EndProject
Project("{FAE04EC0-301F-11D3-BF4B-00C04F79EFBC}") = "Decorator", "Decorator\Decorator.csproj", "{BA4D007E-00D5-41B5-B54F-3E5857624F77}"
EndProject
Project("{FAE04EC0-301F-11D3-BF4B-00C04F79EFBC}") = "Facade", "Facade\Facade.csproj", "{E2ACA310-C14A-416B-9696-B75D6568726B}"
EndProject
Project("{FAE04EC0-301F-11D3-BF4B-00C04F79EFBC}") = "Observer", "Observer\Observer.csproj", "{64BB1808-CA85-4E7C-B18B-AF4F9904FD18}"
EndProject
Project("{FAE04EC0-301F-11D3-BF4B-00C04F79EFBC}") = "Visitor", "Visitor\Visitor.csproj", "{7E290CF5-5DF0-46DC-8D91-F968A0A56165}"
EndProject
Project("{FAE04EC0-301F-11D3-BF4B-00C04F79EFBC}") = "AbstractFactory", "AbstractFactory\AbstractFactory.csproj", "{DB0D01CD-F039-4880-BF14-FEA5495EFC8C}"
EndProject
Project("{FAE04EC0-301F-11D3-BF4B-00C04F79EFBC}") = "Factory", "Factory\Factory.csproj", "{783ACA22-BE8C-4865-A5CB-C303C4B6C273}"
EndProject
Project("{FAE04EC0-301F-11D3-BF4B-00C04F79EFBC}") = "Builder", "Builder\Builder.csproj", "{9CDFEC53-5D27-46FE-A6E3-F521EE5562E7}"
EndProject
Project("{FAE04EC0-301F-11D3-BF4B-00C04F79EFBC}") = "Adapter", "Adapter\Adapter.csproj", "{641B634F-0184-4F95-9660-2863D8FA4416}"
EndProject
Global
	GlobalSection(SolutionConfigurationPlatforms) = preSolution
		Debug|Any CPU = Debug|Any CPU
		Release|Any CPU = Release|Any CPU
	EndGlobalSection
	GlobalSection(ProjectConfigurationPlatforms) = postSolution
		{2B56640B-282E-4284-90F7-4F0B612B7763}.Debug|Any CPU.ActiveCfg = Debug|Any CPU
		{2B56640B-282E-4284-90F7-4F0B612B7763}.Debug|Any CPU.Build.0 = Debug|Any CPU
		{2B56640B-282E-4284-90F7-4F0B612B7763}.Release|Any CPU.ActiveCfg = Release|Any CPU
		{2B56640B-282E-4284-90F7-4F0B612B7763}.Release|Any CPU.Build.0 = Release|Any CPU
		{BDCABA61-5CAE-45B8-A914-DFEA11BF251E}.Debug|Any CPU.ActiveCfg = Debug|Any CPU
		{BDCABA61-5CAE-45B8-A914-DFEA11BF251E}.Debug|Any CPU.Build.0 = Debug|Any CPU
		{BDCABA61-5CAE-45B8-A914-DFEA11BF251E}.Release|Any CPU.ActiveCfg = Release|Any CPU
		{BDCABA61-5CAE-45B8-A914-DFEA11BF251E}.Release|Any CPU.Build.0 = Release|Any CPU
		{BA4D007E-00D5-41B5-B54F-3E5857624F77}.Debug|Any CPU.ActiveCfg = Debug|Any CPU
		{BA4D007E-00D5-41B5-B54F-3E5857624F77}.Debug|Any CPU.Build.0 = Debug|Any CPU
		{BA4D007E-00D5-41B5-B54F-3E5857624F77}.Release|Any CPU.ActiveCfg = Release|Any CPU
		{BA4D007E-00D5-41B5-B54F-3E5857624F77}.Release|Any CPU.Build.0 = Release|Any CPU
		{E2ACA310-C14A-416B-9696-B75D6568726B}.Debug|Any CPU.ActiveCfg = Debug|Any CPU
		{E2ACA310-C14A-416B-9696-B75D6568726B}.Debug|Any CPU.Build.0 = Debug|Any CPU
		{E2ACA310-C14A-416B-9696-B75D6568726B}.Release|Any CPU.ActiveCfg = Release|Any CPU
		{E2ACA310-C14A-416B-9696-B75D6568726B}.Release|Any CPU.Build.0 = Release|Any CPU
		{64BB1808-CA85-4E7C-B18B-AF4F9904FD18}.Debug|Any CPU.ActiveCfg = Debug|Any CPU
		{64BB1808-CA85-4E7C-B18B-AF4F9904FD18}.Debug|Any CPU.Build.0 = Debug|Any CPU
		{64BB1808-CA85-4E7C-B18B-AF4F9904FD18}.Release|Any CPU.ActiveCfg = Release|Any CPU
		{64BB1808-CA85-4E7C-B18B-AF4F9904FD18}.Release|Any CPU.Build.0 = Release|Any CPU
		{7E290CF5-5DF0-46DC-8D91-F968A0A56165}.Debug|Any CPU.ActiveCfg = Debug|Any CPU
		{7E290CF5-5DF0-46DC-8D91-F968A0A56165}.Debug|Any CPU.Build.0 = Debug|Any CPU
		{7E290CF5-5DF0-46DC-8D91-F968A0A56165}.Release|Any CPU.ActiveCfg = Release|Any CPU
		{7E290CF5-5DF0-46DC-8D91-F968A0A56165}.Release|Any CPU.Build.0 = Release|Any CPU
		{DB0D01CD-F039-4880-BF14-FEA5495EFC8C}.Debug|Any CPU.ActiveCfg = Debug|Any CPU
		{DB0D01CD-F039-4880-BF14-FEA5495EFC8C}.Debug|Any CPU.Build.0 = Debug|Any CPU
		{DB0D01CD-F039-4880-BF14-FEA5495EFC8C}.Release|Any CPU.ActiveCfg = Release|Any CPU
		{DB0D01CD-F039-4880-BF14-FEA5495EFC8C}.Release|Any CPU.Build.0 = Release|Any CPU
		{783ACA22-BE8C-4865-A5CB-C303C4B6C273}.Debug|Any CPU.ActiveCfg = Debug|Any CPU
		{783ACA22-BE8C-4865-A5CB-C303C4B6C273}.Debug|Any CPU.Build.0 = Debug|Any CPU
		{783ACA22-BE8C-4865-A5CB-C303C4B6C273}.Release|Any CPU.ActiveCfg = Release|Any CPU
		{783ACA22-BE8C-4865-A5CB-C303C4B6C273}.Release|Any CPU.Build.0 = Release|Any CPU
		{9CDFEC53-5D27-46FE-A6E3-F521EE5562E7}.Debug|Any CPU.ActiveCfg = Debug|Any CPU
		{9CDFEC53-5D27-46FE-A6E3-F521EE5562E7}.Debug|Any CPU.Build.0 = Debug|Any CPU
		{9CDFEC53-5D27-46FE-A6E3-F521EE5562E7}.Release|Any CPU.ActiveCfg = Release|Any CPU
		{9CDFEC53-5D27-46FE-A6E3-F521EE5562E7}.Release|Any CPU.Build.0 = Release|Any CPU
		{641B634F-0184-4F95-9660-2863D8FA4416}.Debug|Any CPU.ActiveCfg = Debug|Any CPU
		{641B634F-0184-4F95-9660-2863D8FA4416}.Debug|Any CPU.Build.0 = Debug|Any CPU
		{641B634F-0184-4F95-9660-2863D8FA4416}.Release|Any CPU.ActiveCfg = Release|Any CPU
		{641B634F-0184-4F95-9660-2863D8FA4416}.Release|Any CPU.Build.0 = Release|Any CPU
	EndGlobalSection
	GlobalSection(SolutionProperties) = preSolution
		HideSolutionNode = FALSE
	EndGlobalSection
EndGlobal
